
Microsoft Visual Studio Solution File, Format Version 12.00
# Visual Studio 15
VisualStudioVersion = 15.0.27428.2037
MinimumVisualStudioVersion = 10.0.40219.1
Project("{2150E333-8FDC-42A3-9474-1A3956D46DE8}") = ".docs", ".docs", "{BCF60C71-7F5A-429C-A322-E00AAEC59C1A}"
	ProjectSection(SolutionItems) = preProject
		LICENCE.md = LICENCE.md
		README.md = README.md
	EndProjectSection
EndProject
Project("{9A19103F-16F7-4668-BE54-9A1E7A4F7556}") = "ServiceStack.Seq.RequestLogsFeature", "src\ServiceStack.Seq.RequestLogsFeature\ServiceStack.Seq.RequestLogsFeature.csproj", "{F8FE7A52-9059-4F60-9907-F749C37273BD}"
EndProject
Project("{9A19103F-16F7-4668-BE54-9A1E7A4F7556}") = "ConsoleDemo", "src\ConsoleDemo\ConsoleDemo.csproj", "{BB034285-7A9C-4ED8-9445-7EB241B02AB0}"
EndProject
Project("{9A19103F-16F7-4668-BE54-9A1E7A4F7556}") = "ServiceStack.Seq.RequestLogsFeature.Tests", "test\ServiceStack.Seq.RequestLogsFeature.Tests\ServiceStack.Seq.RequestLogsFeature.Tests.csproj", "{57971C9F-DA57-471B-B388-6C3BB8E0E821}"
EndProject
Global
	GlobalSection(SolutionConfigurationPlatforms) = preSolution
		Debug|Any CPU = Debug|Any CPU
		Release|Any CPU = Release|Any CPU
	EndGlobalSection
	GlobalSection(ProjectConfigurationPlatforms) = postSolution
		{F8FE7A52-9059-4F60-9907-F749C37273BD}.Debug|Any CPU.ActiveCfg = Debug|Any CPU
		{F8FE7A52-9059-4F60-9907-F749C37273BD}.Debug|Any CPU.Build.0 = Debug|Any CPU
		{F8FE7A52-9059-4F60-9907-F749C37273BD}.Release|Any CPU.ActiveCfg = Release|Any CPU
		{F8FE7A52-9059-4F60-9907-F749C37273BD}.Release|Any CPU.Build.0 = Release|Any CPU
		{BB034285-7A9C-4ED8-9445-7EB241B02AB0}.Debug|Any CPU.ActiveCfg = Debug|Any CPU
		{BB034285-7A9C-4ED8-9445-7EB241B02AB0}.Debug|Any CPU.Build.0 = Debug|Any CPU
		{BB034285-7A9C-4ED8-9445-7EB241B02AB0}.Release|Any CPU.ActiveCfg = Release|Any CPU
		{BB034285-7A9C-4ED8-9445-7EB241B02AB0}.Release|Any CPU.Build.0 = Release|Any CPU
		{57971C9F-DA57-471B-B388-6C3BB8E0E821}.Debug|Any CPU.ActiveCfg = Debug|Any CPU
		{57971C9F-DA57-471B-B388-6C3BB8E0E821}.Debug|Any CPU.Build.0 = Debug|Any CPU
		{57971C9F-DA57-471B-B388-6C3BB8E0E821}.Release|Any CPU.ActiveCfg = Release|Any CPU
		{57971C9F-DA57-471B-B388-6C3BB8E0E821}.Release|Any CPU.Build.0 = Release|Any CPU
	EndGlobalSection
	GlobalSection(SolutionProperties) = preSolution
		HideSolutionNode = FALSE
	EndGlobalSection
	GlobalSection(ExtensibilityGlobals) = postSolution
		SolutionGuid = {5AD1303C-5C06-4783-B336-5B7DCB9EB144}
	EndGlobalSection
EndGlobal
